
Microsoft Visual Studio Solution File, Format Version 12.00
# Visual Studio Version 17
VisualStudioVersion = 17.14.36603.0 d17.14
MinimumVisualStudioVersion = 10.0.40219.1
Project("{FAE04EC0-301F-11D3-BF4B-00C04F79EFBC}") = "StankoMoP", "StankoMoP\StankoMoP.csproj", "{12652B61-7677-4E64-BF0C-17784D6D1002}"
EndProject
Project("{FAE04EC0-301F-11D3-BF4B-00C04F79EFBC}") = "DimiturMoP", "DimiturMoP\DimiturMoP.csproj", "{AF964426-56A4-4539-88AE-D64DD611178E}"
EndProject
Project("{FAE04EC0-301F-11D3-BF4B-00C04F79EFBC}") = "Nqkoi", "Nqkoi\Nqkoi.csproj", "{DB72F233-51EF-4C19-854C-ED854CCD56B1}"
EndProject
Global
	GlobalSection(SolutionConfigurationPlatforms) = preSolution
		Debug|Any CPU = Debug|Any CPU
		Release|Any CPU = Release|Any CPU
	EndGlobalSection
	GlobalSection(ProjectConfigurationPlatforms) = postSolution
		{12652B61-7677-4E64-BF0C-17784D6D1002}.Debug|Any CPU.ActiveCfg = Debug|Any CPU
		{12652B61-7677-4E64-BF0C-17784D6D1002}.Debug|Any CPU.Build.0 = Debug|Any CPU
		{12652B61-7677-4E64-BF0C-17784D6D1002}.Release|Any CPU.ActiveCfg = Release|Any CPU
		{12652B61-7677-4E64-BF0C-17784D6D1002}.Release|Any CPU.Build.0 = Release|Any CPU
		{AF964426-56A4-4539-88AE-D64DD611178E}.Debug|Any CPU.ActiveCfg = Debug|Any CPU
		{AF964426-56A4-4539-88AE-D64DD611178E}.Debug|Any CPU.Build.0 = Debug|Any CPU
		{AF964426-56A4-4539-88AE-D64DD611178E}.Release|Any CPU.ActiveCfg = Release|Any CPU
		{AF964426-56A4-4539-88AE-D64DD611178E}.Release|Any CPU.Build.0 = Release|Any CPU
		{DB72F233-51EF-4C19-854C-ED854CCD56B1}.Debug|Any CPU.ActiveCfg = Debug|Any CPU
		{DB72F233-51EF-4C19-854C-ED854CCD56B1}.Debug|Any CPU.Build.0 = Debug|Any CPU
		{DB72F233-51EF-4C19-854C-ED854CCD56B1}.Release|Any CPU.ActiveCfg = Release|Any CPU
		{DB72F233-51EF-4C19-854C-ED854CCD56B1}.Release|Any CPU.Build.0 = Release|Any CPU
	EndGlobalSection
	GlobalSection(SolutionProperties) = preSolution
		HideSolutionNode = FALSE
	EndGlobalSection
	GlobalSection(ExtensibilityGlobals) = postSolution
		SolutionGuid = {5F383CF1-A62A-40D2-9CF8-C11230F424AE}
	EndGlobalSection
EndGlobal
